{
  "nodes": {
    "flake-utils": {
      "locked": {
        "lastModified": 1656928814,
        "narHash": "sha256-RIFfgBuKz6Hp89yRr7+NR5tzIAbn52h8vT6vXkYjZoM=",
        "owner": "numtide",
        "repo": "flake-utils",
        "rev": "7e2a3b3dfd9af950a856d66b0a7d01e3c18aa249",
        "type": "github"
      },
      "original": {
        "owner": "numtide",
        "repo": "flake-utils",
        "type": "github"
      }
    },
    "go-src": {
      "flake": false,
      "locked": {
        "lastModified": 1658657702,
        "narHash": "sha256-yXYDqvt3exh03ExYIcph72TsCRbj/V/Tqtrgy6sQkVU=",
        "owner": "CreeperHost",
        "repo": "modpacksch-serverdownloader",
        "rev": "114e0b75cec5a9fc5a102477728cba214a7489c0",
        "type": "github"
      },
      "original": {
        "owner": "CreeperHost",
        "ref": "golang",
        "repo": "modpacksch-serverdownloader",
        "type": "github"
      }
    },
    "nixpkgs": {
      "locked": {
        "lastModified": 0,
        "narHash": "sha256-G++2CJ9u0E7NNTAi9n5G8TdDmGJXcIjkJ3NF8cetQB8=",
        "path": "/nix/store/5q7vxm9lc4b9hifc3br4sr8dy7f2h0qa-source",
        "type": "path"
      },
      "original": {
        "id": "nixos",
        "type": "indirect"
      }
    },
    "root": {
      "inputs": {
        "flake-utils": "flake-utils",
        "go-src": "go-src",
        "nixpkgs": "nixpkgs"
      }
    }
  },
  "root": "root",
  "version": 7
}
