{
  "nodes": {
    "go-src": {
      "flake": false,
      "locked": {
        "lastModified": 1653932363,
        "narHash": "sha256-R7C3D9tTa4BVx++n7+ap8U+FexdXEySk2jPQ0HsCnqk=",
        "owner": "CreeperHost",
        "repo": "modpacksch-serverdownloader",
        "rev": "209cbc13888dd081d385cb4cf51134bb84593efa",
        "type": "github"
      },
      "original": {
        "owner": "CreeperHost",
        "ref": "golang",
        "repo": "modpacksch-serverdownloader",
        "type": "github"
      }
    },
    "nixpkgs": {
      "locked": {
        "lastModified": 0,
        "narHash": "sha256-G++2CJ9u0E7NNTAi9n5G8TdDmGJXcIjkJ3NF8cetQB8=",
        "path": "/nix/store/5q7vxm9lc4b9hifc3br4sr8dy7f2h0qa-source",
        "type": "path"
      },
      "original": {
        "id": "nixos",
        "type": "indirect"
      }
    },
    "root": {
      "inputs": {
        "go-src": "go-src",
        "nixpkgs": "nixpkgs"
      }
    }
  },
  "root": "root",
  "version": 7
}
